
Microsoft Visual Studio Solution File, Format Version 12.00
# Visual Studio 15
VisualStudioVersion = 15.0.28010.2003
MinimumVisualStudioVersion = 10.0.40219.1
Project("{FAE04EC0-301F-11D3-BF4B-00C04F79EFBC}") = "ResumeParserApp", "ResumeParserApp\ResumeParserApp.csproj", "{139A1220-0C37-441A-A20F-595CBF9A21DB}"
EndProject
Global
	GlobalSection(SolutionConfigurationPlatforms) = preSolution
		Debug|Any CPU = Debug|Any CPU
		Release|Any CPU = Release|Any CPU
	EndGlobalSection
	GlobalSection(ProjectConfigurationPlatforms) = postSolution
		{139A1220-0C37-441A-A20F-595CBF9A21DB}.Debug|Any CPU.ActiveCfg = Debug|Any CPU
		{139A1220-0C37-441A-A20F-595CBF9A21DB}.Debug|Any CPU.Build.0 = Debug|Any CPU
		{139A1220-0C37-441A-A20F-595CBF9A21DB}.Release|Any CPU.ActiveCfg = Release|Any CPU
		{139A1220-0C37-441A-A20F-595CBF9A21DB}.Release|Any CPU.Build.0 = Release|Any CPU
	EndGlobalSection
	GlobalSection(SolutionProperties) = preSolution
		HideSolutionNode = FALSE
	EndGlobalSection
	GlobalSection(ExtensibilityGlobals) = postSolution
		SolutionGuid = {E76F0EC6-5DE3-4B93-A459-BA9F556D96D7}
	EndGlobalSection
EndGlobal
